
Microsoft Visual Studio Solution File, Format Version 12.00
# Visual Studio Version 17
VisualStudioVersion = 17.9.34714.143
MinimumVisualStudioVersion = 10.0.40219.1
Project("{9A19103F-16F7-4668-BE54-9A1E7A4F7556}") = "Tesi.Blazor", "Tesi.Blazor\Tesi.Blazor.csproj", "{7FB20769-2FE7-4E4C-8E72-835EEE8F1FAB}"
EndProject
Project("{FAE04EC0-301F-11D3-BF4B-00C04F79EFBC}") = "Tesi.Solvers", "Tesi.Solvers\Tesi.Solvers.csproj", "{A4D3BC50-BD5B-42C7-B698-A1085BD247BF}"
EndProject
Global
	GlobalSection(SolutionConfigurationPlatforms) = preSolution
		Debug|Any CPU = Debug|Any CPU
		Release|Any CPU = Release|Any CPU
	EndGlobalSection
	GlobalSection(ProjectConfigurationPlatforms) = postSolution
		{7FB20769-2FE7-4E4C-8E72-835EEE8F1FAB}.Debug|Any CPU.ActiveCfg = Debug|Any CPU
		{7FB20769-2FE7-4E4C-8E72-835EEE8F1FAB}.Debug|Any CPU.Build.0 = Debug|Any CPU
		{7FB20769-2FE7-4E4C-8E72-835EEE8F1FAB}.Release|Any CPU.ActiveCfg = Release|Any CPU
		{7FB20769-2FE7-4E4C-8E72-835EEE8F1FAB}.Release|Any CPU.Build.0 = Release|Any CPU
		{A4D3BC50-BD5B-42C7-B698-A1085BD247BF}.Debug|Any CPU.ActiveCfg = Debug|Any CPU
		{A4D3BC50-BD5B-42C7-B698-A1085BD247BF}.Debug|Any CPU.Build.0 = Debug|Any CPU
		{A4D3BC50-BD5B-42C7-B698-A1085BD247BF}.Release|Any CPU.ActiveCfg = Release|Any CPU
		{A4D3BC50-BD5B-42C7-B698-A1085BD247BF}.Release|Any CPU.Build.0 = Release|Any CPU
	EndGlobalSection
	GlobalSection(SolutionProperties) = preSolution
		HideSolutionNode = FALSE
	EndGlobalSection
EndGlobal
